// !$*UTF8*$!
{
	archiveVersion = 1;
	classes = {
	};
	objectVersion = 56;
	objects = {

/* Begin PBXBuildFile section */
		A575EC4C2B0FF4EF005FE430 /* PeopleListScreen.swift in Sources */ = {isa = PBXBuildFile; fileRef = A575EC4B2B0FF4EF005FE430 /* PeopleListScreen.swift */; };
		A575ECA12B111D15005FE430 /* PersonDetailsScreen.swift in Sources */ = {isa = PBXBuildFile; fileRef = A575ECA02B111D15005FE430 /* PersonDetailsScreen.swift */; };
		A575ECA32B111D79005FE430 /* InitialsCircleComponent.swift in Sources */ = {isa = PBXBuildFile; fileRef = A575ECA22B111D79005FE430 /* InitialsCircleComponent.swift */; };
		A575ECA52B1123AA005FE430 /* Person.swift in Sources */ = {isa = PBXBuildFile; fileRef = A575ECA42B1123AA005FE430 /* Person.swift */; };
		A575ECB22B1227A8005FE430 /* PeopleOrderedListComponent.swift in Sources */ = {isa = PBXBuildFile; fileRef = A575ECB12B1227A8005FE430 /* PeopleOrderedListComponent.swift */; };
		A575ECB62B123626005FE430 /* PersonRow.swift in Sources */ = {isa = PBXBuildFile; fileRef = A575ECB52B123626005FE430 /* PersonRow.swift */; };
		A575ECB82B124EAD005FE430 /* WorkDataComponent.swift in Sources */ = {isa = PBXBuildFile; fileRef = A575ECB72B124EAD005FE430 /* WorkDataComponent.swift */; };
		A575ECBA2B1260E4005FE430 /* PersonalDetailsHeaderComponent.swift in Sources */ = {isa = PBXBuildFile; fileRef = A575ECB92B1260E4005FE430 /* PersonalDetailsHeaderComponent.swift */; };
		A575ECBC2B12652C005FE430 /* PersonalDetailComponent.swift in Sources */ = {isa = PBXBuildFile; fileRef = A575ECBB2B12652C005FE430 /* PersonalDetailComponent.swift */; };
		A575ECBF2B126624005FE430 /* ColorUtils.swift in Sources */ = {isa = PBXBuildFile; fileRef = A575ECBE2B126624005FE430 /* ColorUtils.swift */; };
		A575ECC22B126933005FE430 /* Localizable.strings in Resources */ = {isa = PBXBuildFile; fileRef = A575ECC42B126933005FE430 /* Localizable.strings */; };
		A575ECC62B126A31005FE430 /* Localizer.swift in Sources */ = {isa = PBXBuildFile; fileRef = A575ECC52B126A31005FE430 /* Localizer.swift */; };
		A575ECCD2B129BB0005FE430 /* AppState.swift in Sources */ = {isa = PBXBuildFile; fileRef = A575ECCC2B129BB0005FE430 /* AppState.swift */; };
		A575ECD02B129EDB005FE430 /* DependencyInjector.swift in Sources */ = {isa = PBXBuildFile; fileRef = A575ECCF2B129EDB005FE430 /* DependencyInjector.swift */; };
		A575ECD22B129FEE005FE430 /* AppEnvironment.swift in Sources */ = {isa = PBXBuildFile; fileRef = A575ECD12B129FEE005FE430 /* AppEnvironment.swift */; };
		A575ECD42B12A2E7005FE430 /* PeopleWebRepository.swift in Sources */ = {isa = PBXBuildFile; fileRef = A575ECD32B12A2E7005FE430 /* PeopleWebRepository.swift */; };
		A575ECD72B12A320005FE430 /* WebRepository.swift in Sources */ = {isa = PBXBuildFile; fileRef = A575ECD62B12A320005FE430 /* WebRepository.swift */; };
		A575ECD92B12A48C005FE430 /* APICallMetadata.swift in Sources */ = {isa = PBXBuildFile; fileRef = A575ECD82B12A48C005FE430 /* APICallMetadata.swift */; };
		A575ECDB2B12AB93005FE430 /* NetworkingHelpers.swift in Sources */ = {isa = PBXBuildFile; fileRef = A575ECDA2B12AB93005FE430 /* NetworkingHelpers.swift */; };
		A575ECDF2B136E50005FE430 /* PeopleDBRepository.swift in Sources */ = {isa = PBXBuildFile; fileRef = A575ECDE2B136E50005FE430 /* PeopleDBRepository.swift */; };
		A575ECE12B136E6C005FE430 /* DBRepository.swift in Sources */ = {isa = PBXBuildFile; fileRef = A575ECE02B136E6C005FE430 /* DBRepository.swift */; };
		A575ECE32B1370AA005FE430 /* PeopleInteractor.swift in Sources */ = {isa = PBXBuildFile; fileRef = A575ECE22B1370AA005FE430 /* PeopleInteractor.swift */; };
		A575ECE52B1372DD005FE430 /* Store.swift in Sources */ = {isa = PBXBuildFile; fileRef = A575ECE42B1372DD005FE430 /* Store.swift */; };
		A575ECE72B1373D7005FE430 /* CancellableSet.swift in Sources */ = {isa = PBXBuildFile; fileRef = A575ECE62B1373D7005FE430 /* CancellableSet.swift */; };
		A575ECE92B13757C005FE430 /* LoadableObject.swift in Sources */ = {isa = PBXBuildFile; fileRef = A575ECE82B13757C005FE430 /* LoadableObject.swift */; };
		A575ECED2B1381C3005FE430 /* CoreDataHelpers.swift in Sources */ = {isa = PBXBuildFile; fileRef = A575ECEC2B1381C3005FE430 /* CoreDataHelpers.swift */; };
		A575ECF22B13858F005FE430 /* PersistentStore.swift in Sources */ = {isa = PBXBuildFile; fileRef = A575ECF12B13858F005FE430 /* PersistentStore.swift */; };
		A575ECF42B138A60005FE430 /* LazyList.swift in Sources */ = {isa = PBXBuildFile; fileRef = A575ECF32B138A60005FE430 /* LazyList.swift */; };
		A575ECF62B138C6C005FE430 /* Models+CoreData.swift in Sources */ = {isa = PBXBuildFile; fileRef = A575ECF52B138C6C005FE430 /* Models+CoreData.swift */; };
		A575ECF92B139A6F005FE430 /* ApiMetaStorage.swift in Sources */ = {isa = PBXBuildFile; fileRef = A575ECF82B139A6F005FE430 /* ApiMetaStorage.swift */; };
		A575ECFC2B13A261005FE430 /* SwiftyJSON in Frameworks */ = {isa = PBXBuildFile; productRef = A575ECFB2B13A261005FE430 /* SwiftyJSON */; };
		A575ED002B13BECC005FE430 /* Interactors.swift in Sources */ = {isa = PBXBuildFile; fileRef = A575ECFF2B13BECC005FE430 /* Interactors.swift */; };
		A575ED032B13C83F005FE430 /* RootViewAppearance.swift in Sources */ = {isa = PBXBuildFile; fileRef = A575ED022B13C83F005FE430 /* RootViewAppearance.swift */; };
		A575ED052B13D4F3005FE430 /* MockedData.swift in Sources */ = {isa = PBXBuildFile; fileRef = A575ED042B13D4F3005FE430 /* MockedData.swift */; };
		A575ED092B13E62C005FE430 /* Helpers.swift in Sources */ = {isa = PBXBuildFile; fileRef = A575ED082B13E62C005FE430 /* Helpers.swift */; };
		A575ED102B13EE90005FE430 /* ActivityIndicatorView.swift in Sources */ = {isa = PBXBuildFile; fileRef = A575ED0F2B13EE90005FE430 /* ActivityIndicatorView.swift */; };
		A575ED162B140899005FE430 /* db_model_v1.xcdatamodeld in Sources */ = {isa = PBXBuildFile; fileRef = A575ED142B140899005FE430 /* db_model_v1.xcdatamodeld */; };
		A5CF38752B0FCEC80063DA95 /* PipedriveClientApp.swift in Sources */ = {isa = PBXBuildFile; fileRef = A5CF38742B0FCEC80063DA95 /* PipedriveClientApp.swift */; };
		A5CF38772B0FCEC80063DA95 /* ContentView.swift in Sources */ = {isa = PBXBuildFile; fileRef = A5CF38762B0FCEC80063DA95 /* ContentView.swift */; };
		A5CF38792B0FCECA0063DA95 /* Assets.xcassets in Resources */ = {isa = PBXBuildFile; fileRef = A5CF38782B0FCECA0063DA95 /* Assets.xcassets */; };
		A5CF387C2B0FCECA0063DA95 /* Preview Assets.xcassets in Resources */ = {isa = PBXBuildFile; fileRef = A5CF387B2B0FCECA0063DA95 /* Preview Assets.xcassets */; };
/* End PBXBuildFile section */

/* Begin PBXContainerItemProxy section */
		A5CF38822B0FCECA0063DA95 /* PBXContainerItemProxy */ = {
			isa = PBXContainerItemProxy;
			containerPortal = A5CF38692B0FCEC80063DA95 /* Project object */;
			proxyType = 1;
			remoteGlobalIDString = A5CF38702B0FCEC80063DA95;
			remoteInfo = PipedriveClient;
		};
		A5CF388C2B0FCECA0063DA95 /* PBXContainerItemProxy */ = {
			isa = PBXContainerItemProxy;
			containerPortal = A5CF38692B0FCEC80063DA95 /* Project object */;
			proxyType = 1;
			remoteGlobalIDString = A5CF38702B0FCEC80063DA95;
			remoteInfo = PipedriveClient;
		};
/* End PBXContainerItemProxy section */

/* Begin PBXFileReference section */
		A575EC4B2B0FF4EF005FE430 /* PeopleListScreen.swift */ = {isa = PBXFileReference; lastKnownFileType = sourcecode.swift; path = PeopleListScreen.swift; sourceTree = "<group>"; };
		A575ECA02B111D15005FE430 /* PersonDetailsScreen.swift */ = {isa = PBXFileReference; lastKnownFileType = sourcecode.swift; path = PersonDetailsScreen.swift; sourceTree = "<group>"; };
		A575ECA22B111D79005FE430 /* InitialsCircleComponent.swift */ = {isa = PBXFileReference; lastKnownFileType = sourcecode.swift; path = InitialsCircleComponent.swift; sourceTree = "<group>"; };
		A575ECA42B1123AA005FE430 /* Person.swift */ = {isa = PBXFileReference; lastKnownFileType = sourcecode.swift; path = Person.swift; sourceTree = "<group>"; };
		A575ECB12B1227A8005FE430 /* PeopleOrderedListComponent.swift */ = {isa = PBXFileReference; lastKnownFileType = sourcecode.swift; path = PeopleOrderedListComponent.swift; sourceTree = "<group>"; };
		A575ECB52B123626005FE430 /* PersonRow.swift */ = {isa = PBXFileReference; lastKnownFileType = sourcecode.swift; path = PersonRow.swift; sourceTree = "<group>"; };
		A575ECB72B124EAD005FE430 /* WorkDataComponent.swift */ = {isa = PBXFileReference; lastKnownFileType = sourcecode.swift; path = WorkDataComponent.swift; sourceTree = "<group>"; };
		A575ECB92B1260E4005FE430 /* PersonalDetailsHeaderComponent.swift */ = {isa = PBXFileReference; lastKnownFileType = sourcecode.swift; path = PersonalDetailsHeaderComponent.swift; sourceTree = "<group>"; };
		A575ECBB2B12652C005FE430 /* PersonalDetailComponent.swift */ = {isa = PBXFileReference; lastKnownFileType = sourcecode.swift; path = PersonalDetailComponent.swift; sourceTree = "<group>"; };
		A575ECBE2B126624005FE430 /* ColorUtils.swift */ = {isa = PBXFileReference; lastKnownFileType = sourcecode.swift; path = ColorUtils.swift; sourceTree = "<group>"; };
		A575ECC32B126933005FE430 /* en */ = {isa = PBXFileReference; lastKnownFileType = text.plist.strings; name = en; path = en.lproj/Localizable.strings; sourceTree = "<group>"; };
		A575ECC52B126A31005FE430 /* Localizer.swift */ = {isa = PBXFileReference; lastKnownFileType = sourcecode.swift; path = Localizer.swift; sourceTree = "<group>"; };
		A575ECCC2B129BB0005FE430 /* AppState.swift */ = {isa = PBXFileReference; lastKnownFileType = sourcecode.swift; path = AppState.swift; sourceTree = "<group>"; };
		A575ECCF2B129EDB005FE430 /* DependencyInjector.swift */ = {isa = PBXFileReference; lastKnownFileType = sourcecode.swift; path = DependencyInjector.swift; sourceTree = "<group>"; };
		A575ECD12B129FEE005FE430 /* AppEnvironment.swift */ = {isa = PBXFileReference; lastKnownFileType = sourcecode.swift; path = AppEnvironment.swift; sourceTree = "<group>"; wrapsLines = 0; };
		A575ECD32B12A2E7005FE430 /* PeopleWebRepository.swift */ = {isa = PBXFileReference; lastKnownFileType = sourcecode.swift; path = PeopleWebRepository.swift; sourceTree = "<group>"; };
		A575ECD62B12A320005FE430 /* WebRepository.swift */ = {isa = PBXFileReference; lastKnownFileType = sourcecode.swift; path = WebRepository.swift; sourceTree = "<group>"; };
		A575ECD82B12A48C005FE430 /* APICallMetadata.swift */ = {isa = PBXFileReference; lastKnownFileType = sourcecode.swift; path = APICallMetadata.swift; sourceTree = "<group>"; };
		A575ECDA2B12AB93005FE430 /* NetworkingHelpers.swift */ = {isa = PBXFileReference; lastKnownFileType = sourcecode.swift; path = NetworkingHelpers.swift; sourceTree = "<group>"; };
		A575ECDE2B136E50005FE430 /* PeopleDBRepository.swift */ = {isa = PBXFileReference; lastKnownFileType = sourcecode.swift; path = PeopleDBRepository.swift; sourceTree = "<group>"; };
		A575ECE02B136E6C005FE430 /* DBRepository.swift */ = {isa = PBXFileReference; lastKnownFileType = sourcecode.swift; path = DBRepository.swift; sourceTree = "<group>"; };
		A575ECE22B1370AA005FE430 /* PeopleInteractor.swift */ = {isa = PBXFileReference; lastKnownFileType = sourcecode.swift; path = PeopleInteractor.swift; sourceTree = "<group>"; };
		A575ECE42B1372DD005FE430 /* Store.swift */ = {isa = PBXFileReference; lastKnownFileType = sourcecode.swift; path = Store.swift; sourceTree = "<group>"; };
		A575ECE62B1373D7005FE430 /* CancellableSet.swift */ = {isa = PBXFileReference; lastKnownFileType = sourcecode.swift; path = CancellableSet.swift; sourceTree = "<group>"; };
		A575ECE82B13757C005FE430 /* LoadableObject.swift */ = {isa = PBXFileReference; lastKnownFileType = sourcecode.swift; path = LoadableObject.swift; sourceTree = "<group>"; };
		A575ECEC2B1381C3005FE430 /* CoreDataHelpers.swift */ = {isa = PBXFileReference; lastKnownFileType = sourcecode.swift; path = CoreDataHelpers.swift; sourceTree = "<group>"; };
		A575ECF12B13858F005FE430 /* PersistentStore.swift */ = {isa = PBXFileReference; lastKnownFileType = sourcecode.swift; path = PersistentStore.swift; sourceTree = "<group>"; };
		A575ECF32B138A60005FE430 /* LazyList.swift */ = {isa = PBXFileReference; lastKnownFileType = sourcecode.swift; path = LazyList.swift; sourceTree = "<group>"; };
		A575ECF52B138C6C005FE430 /* Models+CoreData.swift */ = {isa = PBXFileReference; lastKnownFileType = sourcecode.swift; path = "Models+CoreData.swift"; sourceTree = "<group>"; };
		A575ECF82B139A6F005FE430 /* ApiMetaStorage.swift */ = {isa = PBXFileReference; lastKnownFileType = sourcecode.swift; path = ApiMetaStorage.swift; sourceTree = "<group>"; };
		A575ECFF2B13BECC005FE430 /* Interactors.swift */ = {isa = PBXFileReference; lastKnownFileType = sourcecode.swift; path = Interactors.swift; sourceTree = "<group>"; };
		A575ED022B13C83F005FE430 /* RootViewAppearance.swift */ = {isa = PBXFileReference; lastKnownFileType = sourcecode.swift; path = RootViewAppearance.swift; sourceTree = "<group>"; };
		A575ED042B13D4F3005FE430 /* MockedData.swift */ = {isa = PBXFileReference; lastKnownFileType = sourcecode.swift; path = MockedData.swift; sourceTree = "<group>"; };
		A575ED082B13E62C005FE430 /* Helpers.swift */ = {isa = PBXFileReference; lastKnownFileType = sourcecode.swift; path = Helpers.swift; sourceTree = "<group>"; };
		A575ED0F2B13EE90005FE430 /* ActivityIndicatorView.swift */ = {isa = PBXFileReference; lastKnownFileType = sourcecode.swift; path = ActivityIndicatorView.swift; sourceTree = "<group>"; };
		A575ED152B140899005FE430 /* db_model_v1.xcdatamodel */ = {isa = PBXFileReference; lastKnownFileType = wrapper.xcdatamodel; path = db_model_v1.xcdatamodel; sourceTree = "<group>"; };
		A5CF38712B0FCEC80063DA95 /* PipedriveClientApp.app */ = {isa = PBXFileReference; explicitFileType = wrapper.application; includeInIndex = 0; path = PipedriveClientApp.app; sourceTree = BUILT_PRODUCTS_DIR; };
		A5CF38742B0FCEC80063DA95 /* PipedriveClientApp.swift */ = {isa = PBXFileReference; lastKnownFileType = sourcecode.swift; path = PipedriveClientApp.swift; sourceTree = "<group>"; };
		A5CF38762B0FCEC80063DA95 /* ContentView.swift */ = {isa = PBXFileReference; lastKnownFileType = sourcecode.swift; path = ContentView.swift; sourceTree = "<group>"; };
		A5CF38782B0FCECA0063DA95 /* Assets.xcassets */ = {isa = PBXFileReference; lastKnownFileType = folder.assetcatalog; path = Assets.xcassets; sourceTree = "<group>"; };
		A5CF387B2B0FCECA0063DA95 /* Preview Assets.xcassets */ = {isa = PBXFileReference; lastKnownFileType = folder.assetcatalog; path = "Preview Assets.xcassets"; sourceTree = "<group>"; };
		A5CF38812B0FCECA0063DA95 /* PipedriveClientAppTests.xctest */ = {isa = PBXFileReference; explicitFileType = wrapper.cfbundle; includeInIndex = 0; path = PipedriveClientAppTests.xctest; sourceTree = BUILT_PRODUCTS_DIR; };
		A5CF388B2B0FCECA0063DA95 /* PipedriveClientAppUITests.xctest */ = {isa = PBXFileReference; explicitFileType = wrapper.cfbundle; includeInIndex = 0; path = PipedriveClientAppUITests.xctest; sourceTree = BUILT_PRODUCTS_DIR; };
/* End PBXFileReference section */

/* Begin PBXFrameworksBuildPhase section */
		A5CF386E2B0FCEC80063DA95 /* Frameworks */ = {
			isa = PBXFrameworksBuildPhase;
			buildActionMask = 2147483647;
			files = (
				A575ECFC2B13A261005FE430 /* SwiftyJSON in Frameworks */,
			);
			runOnlyForDeploymentPostprocessing = 0;
		};
		A5CF387E2B0FCECA0063DA95 /* Frameworks */ = {
			isa = PBXFrameworksBuildPhase;
			buildActionMask = 2147483647;
			files = (
			);
			runOnlyForDeploymentPostprocessing = 0;
		};
		A5CF38882B0FCECA0063DA95 /* Frameworks */ = {
			isa = PBXFrameworksBuildPhase;
			buildActionMask = 2147483647;
			files = (
			);
			runOnlyForDeploymentPostprocessing = 0;
		};
/* End PBXFrameworksBuildPhase section */

/* Begin PBXGroup section */
		A575ECA82B116BC6005FE430 /* Person */ = {
			isa = PBXGroup;
			children = (
				A575ECA42B1123AA005FE430 /* Person.swift */,
				A575ECF52B138C6C005FE430 /* Models+CoreData.swift */,
				A575ED042B13D4F3005FE430 /* MockedData.swift */,
			);
			path = Person;
			sourceTree = "<group>";
		};
		A575ECB42B1235E7005FE430 /* People */ = {
			isa = PBXGroup;
			children = (
				A575ECA22B111D79005FE430 /* InitialsCircleComponent.swift */,
				A575ECB12B1227A8005FE430 /* PeopleOrderedListComponent.swift */,
				A575ECB52B123626005FE430 /* PersonRow.swift */,
				A575ECB72B124EAD005FE430 /* WorkDataComponent.swift */,
				A575ECB92B1260E4005FE430 /* PersonalDetailsHeaderComponent.swift */,
				A575ECBB2B12652C005FE430 /* PersonalDetailComponent.swift */,
			);
			path = People;
			sourceTree = "<group>";
		};
		A575ECD52B12A316005FE430 /* Common */ = {
			isa = PBXGroup;
			children = (
				A575ECD62B12A320005FE430 /* WebRepository.swift */,
				A575ECE02B136E6C005FE430 /* DBRepository.swift */,
			);
			path = Common;
			sourceTree = "<group>";
		};
		A575ECEA2B137CEC005FE430 /* People */ = {
			isa = PBXGroup;
			children = (
				A575ECD32B12A2E7005FE430 /* PeopleWebRepository.swift */,
				A575ECDE2B136E50005FE430 /* PeopleDBRepository.swift */,
			);
			path = People;
			sourceTree = "<group>";
		};
		A575ECEB2B138072005FE430 /* Persistence */ = {
			isa = PBXGroup;
			children = (
				A575ECF12B13858F005FE430 /* PersistentStore.swift */,
				A575ECEC2B1381C3005FE430 /* CoreDataHelpers.swift */,
				A575ED142B140899005FE430 /* db_model_v1.xcdatamodeld */,
			);
			path = Persistence;
			sourceTree = "<group>";
		};
		A575ED012B13C82B005FE430 /* Common */ = {
			isa = PBXGroup;
			children = (
				A5CF38762B0FCEC80063DA95 /* ContentView.swift */,
				A575ED022B13C83F005FE430 /* RootViewAppearance.swift */,
			);
			path = Common;
			sourceTree = "<group>";
		};
		A5CF38682B0FCEC80063DA95 = {
			isa = PBXGroup;
			children = (
				A5CF38732B0FCEC80063DA95 /* PipedriveClient */,
				A5CF38722B0FCEC80063DA95 /* Products */,
			);
			sourceTree = "<group>";
		};
		A5CF38722B0FCEC80063DA95 /* Products */ = {
			isa = PBXGroup;
			children = (
				A5CF38712B0FCEC80063DA95 /* PipedriveClientApp.app */,
				A5CF38812B0FCECA0063DA95 /* PipedriveClientAppTests.xctest */,
				A5CF388B2B0FCECA0063DA95 /* PipedriveClientAppUITests.xctest */,
			);
			name = Products;
			sourceTree = "<group>";
		};
		A5CF38732B0FCEC80063DA95 /* PipedriveClient */ = {
			isa = PBXGroup;
			children = (
				A575ECEB2B138072005FE430 /* Persistence */,
				A5CF38A82B0FD3D10063DA95 /* Interactors */,
				A5CF38A72B0FD3C30063DA95 /* Models */,
				A5CF38A62B0FD3B80063DA95 /* Repositories */,
				A5CF38A52B0FD3AF0063DA95 /* Utilities */,
				A5CF38A42B0FD3730063DA95 /* Injections */,
				A5CF38A32B0FD3650063DA95 /* System */,
				A5CF38A02B0FD3250063DA95 /* Resources */,
				A5CF387A2B0FCECA0063DA95 /* Preview Content */,
				A5CF389E2B0FD2E90063DA95 /* UI */,
			);
			path = PipedriveClient;
			sourceTree = "<group>";
		};
		A5CF387A2B0FCECA0063DA95 /* Preview Content */ = {
			isa = PBXGroup;
			children = (
				A5CF387B2B0FCECA0063DA95 /* Preview Assets.xcassets */,
			);
			path = "Preview Content";
			sourceTree = "<group>";
		};
		A5CF389E2B0FD2E90063DA95 /* UI */ = {
			isa = PBXGroup;
			children = (
				A575ED012B13C82B005FE430 /* Common */,
				A5CF38A22B0FD3520063DA95 /* Components */,
				A575ED0F2B13EE90005FE430 /* ActivityIndicatorView.swift */,
			);
			path = UI;
			sourceTree = "<group>";
		};
		A5CF38A02B0FD3250063DA95 /* Resources */ = {
			isa = PBXGroup;
			children = (
				A5CF38782B0FCECA0063DA95 /* Assets.xcassets */,
				A575ECC42B126933005FE430 /* Localizable.strings */,
			);
			path = Resources;
			sourceTree = "<group>";
		};
		A5CF38A12B0FD34D0063DA95 /* Screens */ = {
			isa = PBXGroup;
			children = (
				A575EC4B2B0FF4EF005FE430 /* PeopleListScreen.swift */,
				A575ECA02B111D15005FE430 /* PersonDetailsScreen.swift */,
			);
			path = Screens;
			sourceTree = "<group>";
		};
		A5CF38A22B0FD3520063DA95 /* Components */ = {
			isa = PBXGroup;
			children = (
				A5CF38A12B0FD34D0063DA95 /* Screens */,
				A575ECB42B1235E7005FE430 /* People */,
			);
			path = Components;
			sourceTree = "<group>";
		};
		A5CF38A32B0FD3650063DA95 /* System */ = {
			isa = PBXGroup;
			children = (
				A5CF38742B0FCEC80063DA95 /* PipedriveClientApp.swift */,
				A575ECD12B129FEE005FE430 /* AppEnvironment.swift */,
			);
			path = System;
			sourceTree = "<group>";
		};
		A5CF38A42B0FD3730063DA95 /* Injections */ = {
			isa = PBXGroup;
			children = (
				A575ECCC2B129BB0005FE430 /* AppState.swift */,
				A575ECCF2B129EDB005FE430 /* DependencyInjector.swift */,
				A575ECFF2B13BECC005FE430 /* Interactors.swift */,
			);
			path = Injections;
			sourceTree = "<group>";
		};
		A5CF38A52B0FD3AF0063DA95 /* Utilities */ = {
			isa = PBXGroup;
			children = (
				A575ECBE2B126624005FE430 /* ColorUtils.swift */,
				A575ECC52B126A31005FE430 /* Localizer.swift */,
				A575ECD82B12A48C005FE430 /* APICallMetadata.swift */,
				A575ECDA2B12AB93005FE430 /* NetworkingHelpers.swift */,
				A575ECE42B1372DD005FE430 /* Store.swift */,
				A575ECE62B1373D7005FE430 /* CancellableSet.swift */,
				A575ECE82B13757C005FE430 /* LoadableObject.swift */,
				A575ECF32B138A60005FE430 /* LazyList.swift */,
				A575ECF82B139A6F005FE430 /* ApiMetaStorage.swift */,
				A575ED082B13E62C005FE430 /* Helpers.swift */,
			);
			path = Utilities;
			sourceTree = "<group>";
		};
		A5CF38A62B0FD3B80063DA95 /* Repositories */ = {
			isa = PBXGroup;
			children = (
				A575ECEA2B137CEC005FE430 /* People */,
				A575ECD52B12A316005FE430 /* Common */,
			);
			path = Repositories;
			sourceTree = "<group>";
		};
		A5CF38A72B0FD3C30063DA95 /* Models */ = {
			isa = PBXGroup;
			children = (
				A575ECA82B116BC6005FE430 /* Person */,
			);
			path = Models;
			sourceTree = "<group>";
		};
		A5CF38A82B0FD3D10063DA95 /* Interactors */ = {
			isa = PBXGroup;
			children = (
				A575ECE22B1370AA005FE430 /* PeopleInteractor.swift */,
			);
			path = Interactors;
			sourceTree = "<group>";
		};
/* End PBXGroup section */

/* Begin PBXNativeTarget section */
		A5CF38702B0FCEC80063DA95 /* PipedriveClientApp */ = {
			isa = PBXNativeTarget;
			buildConfigurationList = A5CF38952B0FCECA0063DA95 /* Build configuration list for PBXNativeTarget "PipedriveClientApp" */;
			buildPhases = (
				A5CF386D2B0FCEC80063DA95 /* Sources */,
				A5CF386E2B0FCEC80063DA95 /* Frameworks */,
				A5CF386F2B0FCEC80063DA95 /* Resources */,
			);
			buildRules = (
			);
			dependencies = (
			);
			name = PipedriveClientApp;
			packageProductDependencies = (
				A575ECFB2B13A261005FE430 /* SwiftyJSON */,
			);
			productName = PipedriveClient;
			productReference = A5CF38712B0FCEC80063DA95 /* PipedriveClientApp.app */;
			productType = "com.apple.product-type.application";
		};
		A5CF38802B0FCECA0063DA95 /* PipedriveClientAppTests */ = {
			isa = PBXNativeTarget;
			buildConfigurationList = A5CF38982B0FCECA0063DA95 /* Build configuration list for PBXNativeTarget "PipedriveClientAppTests" */;
			buildPhases = (
				A5CF387D2B0FCECA0063DA95 /* Sources */,
				A5CF387E2B0FCECA0063DA95 /* Frameworks */,
				A5CF387F2B0FCECA0063DA95 /* Resources */,
			);
			buildRules = (
			);
			dependencies = (
				A5CF38832B0FCECA0063DA95 /* PBXTargetDependency */,
			);
			name = PipedriveClientAppTests;
			productName = PipedriveClientTests;
			productReference = A5CF38812B0FCECA0063DA95 /* PipedriveClientAppTests.xctest */;
			productType = "com.apple.product-type.bundle.unit-test";
		};
		A5CF388A2B0FCECA0063DA95 /* PipedriveClientAppUITests */ = {
			isa = PBXNativeTarget;
			buildConfigurationList = A5CF389B2B0FCECA0063DA95 /* Build configuration list for PBXNativeTarget "PipedriveClientAppUITests" */;
			buildPhases = (
				A5CF38872B0FCECA0063DA95 /* Sources */,
				A5CF38882B0FCECA0063DA95 /* Frameworks */,
				A5CF38892B0FCECA0063DA95 /* Resources */,
			);
			buildRules = (
			);
			dependencies = (
				A5CF388D2B0FCECA0063DA95 /* PBXTargetDependency */,
			);
			name = PipedriveClientAppUITests;
			productName = PipedriveClientUITests;
			productReference = A5CF388B2B0FCECA0063DA95 /* PipedriveClientAppUITests.xctest */;
			productType = "com.apple.product-type.bundle.ui-testing";
		};
/* End PBXNativeTarget section */

/* Begin PBXProject section */
		A5CF38692B0FCEC80063DA95 /* Project object */ = {
			isa = PBXProject;
			attributes = {
				BuildIndependentTargetsInParallel = 1;
				LastSwiftUpdateCheck = 1430;
				LastUpgradeCheck = 1430;
				TargetAttributes = {
					A5CF38702B0FCEC80063DA95 = {
						CreatedOnToolsVersion = 14.3.1;
					};
					A5CF38802B0FCECA0063DA95 = {
						CreatedOnToolsVersion = 14.3.1;
						TestTargetID = A5CF38702B0FCEC80063DA95;
					};
					A5CF388A2B0FCECA0063DA95 = {
						CreatedOnToolsVersion = 14.3.1;
						TestTargetID = A5CF38702B0FCEC80063DA95;
					};
				};
			};
			buildConfigurationList = A5CF386C2B0FCEC80063DA95 /* Build configuration list for PBXProject "PipedriveClientApp" */;
			compatibilityVersion = "Xcode 14.0";
			developmentRegion = en;
			hasScannedForEncodings = 0;
			knownRegions = (
				en,
				Base,
			);
			mainGroup = A5CF38682B0FCEC80063DA95;
			packageReferences = (
				A575ECFA2B13A261005FE430 /* XCRemoteSwiftPackageReference "SwiftyJSON" */,
			);
			productRefGroup = A5CF38722B0FCEC80063DA95 /* Products */;
			projectDirPath = "";
			projectRoot = "";
			targets = (
				A5CF38702B0FCEC80063DA95 /* PipedriveClientApp */,
				A5CF38802B0FCECA0063DA95 /* PipedriveClientAppTests */,
				A5CF388A2B0FCECA0063DA95 /* PipedriveClientAppUITests */,
			);
		};
/* End PBXProject section */

/* Begin PBXResourcesBuildPhase section */
		A5CF386F2B0FCEC80063DA95 /* Resources */ = {
			isa = PBXResourcesBuildPhase;
			buildActionMask = 2147483647;
			files = (
				A5CF387C2B0FCECA0063DA95 /* Preview Assets.xcassets in Resources */,
				A575ECC22B126933005FE430 /* Localizable.strings in Resources */,
				A5CF38792B0FCECA0063DA95 /* Assets.xcassets in Resources */,
			);
			runOnlyForDeploymentPostprocessing = 0;
		};
		A5CF387F2B0FCECA0063DA95 /* Resources */ = {
			isa = PBXResourcesBuildPhase;
			buildActionMask = 2147483647;
			files = (
			);
			runOnlyForDeploymentPostprocessing = 0;
		};
		A5CF38892B0FCECA0063DA95 /* Resources */ = {
			isa = PBXResourcesBuildPhase;
			buildActionMask = 2147483647;
			files = (
			);
			runOnlyForDeploymentPostprocessing = 0;
		};
/* End PBXResourcesBuildPhase section */

/* Begin PBXSourcesBuildPhase section */
		A5CF386D2B0FCEC80063DA95 /* Sources */ = {
			isa = PBXSourcesBuildPhase;
			buildActionMask = 2147483647;
			files = (
				A575ECB62B123626005FE430 /* PersonRow.swift in Sources */,
				A575ECBF2B126624005FE430 /* ColorUtils.swift in Sources */,
				A575ECD92B12A48C005FE430 /* APICallMetadata.swift in Sources */,
				A575ECF92B139A6F005FE430 /* ApiMetaStorage.swift in Sources */,
				A575ECCD2B129BB0005FE430 /* AppState.swift in Sources */,
				A575ECDB2B12AB93005FE430 /* NetworkingHelpers.swift in Sources */,
				A575EC4C2B0FF4EF005FE430 /* PeopleListScreen.swift in Sources */,
				A575ECE72B1373D7005FE430 /* CancellableSet.swift in Sources */,
				A575ECE52B1372DD005FE430 /* Store.swift in Sources */,
				A575ECD22B129FEE005FE430 /* AppEnvironment.swift in Sources */,
				A575ECED2B1381C3005FE430 /* CoreDataHelpers.swift in Sources */,
				A575ED052B13D4F3005FE430 /* MockedData.swift in Sources */,
				A575ED162B140899005FE430 /* db_model_v1.xcdatamodeld in Sources */,
				A575ECA32B111D79005FE430 /* InitialsCircleComponent.swift in Sources */,
				A575ECF62B138C6C005FE430 /* Models+CoreData.swift in Sources */,
				A575ECB22B1227A8005FE430 /* PeopleOrderedListComponent.swift in Sources */,
				A575ECA12B111D15005FE430 /* PersonDetailsScreen.swift in Sources */,
				A575ECE92B13757C005FE430 /* LoadableObject.swift in Sources */,
				A575ED002B13BECC005FE430 /* Interactors.swift in Sources */,
				A575ECBC2B12652C005FE430 /* PersonalDetailComponent.swift in Sources */,
				A575ECD42B12A2E7005FE430 /* PeopleWebRepository.swift in Sources */,
				A5CF38772B0FCEC80063DA95 /* ContentView.swift in Sources */,
				A575ECD72B12A320005FE430 /* WebRepository.swift in Sources */,
				A575ECF42B138A60005FE430 /* LazyList.swift in Sources */,
				A575ECB82B124EAD005FE430 /* WorkDataComponent.swift in Sources */,
				A575ECBA2B1260E4005FE430 /* PersonalDetailsHeaderComponent.swift in Sources */,
				A575ECDF2B136E50005FE430 /* PeopleDBRepository.swift in Sources */,
				A575ECC62B126A31005FE430 /* Localizer.swift in Sources */,
				A575ECD02B129EDB005FE430 /* DependencyInjector.swift in Sources */,
				A575ED092B13E62C005FE430 /* Helpers.swift in Sources */,
				A575ED102B13EE90005FE430 /* ActivityIndicatorView.swift in Sources */,
				A575ECE32B1370AA005FE430 /* PeopleInteractor.swift in Sources */,
				A575ECA52B1123AA005FE430 /* Person.swift in Sources */,
				A575ED032B13C83F005FE430 /* RootViewAppearance.swift in Sources */,
				A575ECE12B136E6C005FE430 /* DBRepository.swift in Sources */,
				A5CF38752B0FCEC80063DA95 /* PipedriveClientApp.swift in Sources */,
				A575ECF22B13858F005FE430 /* PersistentStore.swift in Sources */,
			);
			runOnlyForDeploymentPostprocessing = 0;
		};
		A5CF387D2B0FCECA0063DA95 /* Sources */ = {
			isa = PBXSourcesBuildPhase;
			buildActionMask = 2147483647;
			files = (
			);
			runOnlyForDeploymentPostprocessing = 0;
		};
		A5CF38872B0FCECA0063DA95 /* Sources */ = {
			isa = PBXSourcesBuildPhase;
			buildActionMask = 2147483647;
			files = (
			);
			runOnlyForDeploymentPostprocessing = 0;
		};
/* End PBXSourcesBuildPhase section */

/* Begin PBXTargetDependency section */
		A5CF38832B0FCECA0063DA95 /* PBXTargetDependency */ = {
			isa = PBXTargetDependency;
			target = A5CF38702B0FCEC80063DA95 /* PipedriveClientApp */;
			targetProxy = A5CF38822B0FCECA0063DA95 /* PBXContainerItemProxy */;
		};
		A5CF388D2B0FCECA0063DA95 /* PBXTargetDependency */ = {
			isa = PBXTargetDependency;
			target = A5CF38702B0FCEC80063DA95 /* PipedriveClientApp */;
			targetProxy = A5CF388C2B0FCECA0063DA95 /* PBXContainerItemProxy */;
		};
/* End PBXTargetDependency section */

/* Begin PBXVariantGroup section */
		A575ECC42B126933005FE430 /* Localizable.strings */ = {
			isa = PBXVariantGroup;
			children = (
				A575ECC32B126933005FE430 /* en */,
			);
			name = Localizable.strings;
			sourceTree = "<group>";
		};
/* End PBXVariantGroup section */

/* Begin XCBuildConfiguration section */
		A5CF38932B0FCECA0063DA95 /* Debug */ = {
			isa = XCBuildConfiguration;
			buildSettings = {
				ALWAYS_SEARCH_USER_PATHS = NO;
				CLANG_ANALYZER_NONNULL = YES;
				CLANG_ANALYZER_NUMBER_OBJECT_CONVERSION = YES_AGGRESSIVE;
				CLANG_CXX_LANGUAGE_STANDARD = "gnu++20";
				CLANG_ENABLE_MODULES = YES;
				CLANG_ENABLE_OBJC_ARC = YES;
				CLANG_ENABLE_OBJC_WEAK = YES;
				CLANG_WARN_BLOCK_CAPTURE_AUTORELEASING = YES;
				CLANG_WARN_BOOL_CONVERSION = YES;
				CLANG_WARN_COMMA = YES;
				CLANG_WARN_CONSTANT_CONVERSION = YES;
				CLANG_WARN_DEPRECATED_OBJC_IMPLEMENTATIONS = YES;
				CLANG_WARN_DIRECT_OBJC_ISA_USAGE = YES_ERROR;
				CLANG_WARN_DOCUMENTATION_COMMENTS = YES;
				CLANG_WARN_EMPTY_BODY = YES;
				CLANG_WARN_ENUM_CONVERSION = YES;
				CLANG_WARN_INFINITE_RECURSION = YES;
				CLANG_WARN_INT_CONVERSION = YES;
				CLANG_WARN_NON_LITERAL_NULL_CONVERSION = YES;
				CLANG_WARN_OBJC_IMPLICIT_RETAIN_SELF = YES;
				CLANG_WARN_OBJC_LITERAL_CONVERSION = YES;
				CLANG_WARN_OBJC_ROOT_CLASS = YES_ERROR;
				CLANG_WARN_QUOTED_INCLUDE_IN_FRAMEWORK_HEADER = YES;
				CLANG_WARN_RANGE_LOOP_ANALYSIS = YES;
				CLANG_WARN_STRICT_PROTOTYPES = YES;
				CLANG_WARN_SUSPICIOUS_MOVE = YES;
				CLANG_WARN_UNGUARDED_AVAILABILITY = YES_AGGRESSIVE;
				CLANG_WARN_UNREACHABLE_CODE = YES;
				CLANG_WARN__DUPLICATE_METHOD_MATCH = YES;
				COPY_PHASE_STRIP = NO;
				DEBUG_INFORMATION_FORMAT = dwarf;
				ENABLE_STRICT_OBJC_MSGSEND = YES;
				ENABLE_TESTABILITY = YES;
				GCC_C_LANGUAGE_STANDARD = gnu11;
				GCC_DYNAMIC_NO_PIC = NO;
				GCC_NO_COMMON_BLOCKS = YES;
				GCC_OPTIMIZATION_LEVEL = 0;
				GCC_PREPROCESSOR_DEFINITIONS = (
					"DEBUG=1",
					"$(inherited)",
				);
				GCC_WARN_64_TO_32_BIT_CONVERSION = YES;
				GCC_WARN_ABOUT_RETURN_TYPE = YES_ERROR;
				GCC_WARN_UNDECLARED_SELECTOR = YES;
				GCC_WARN_UNINITIALIZED_AUTOS = YES_AGGRESSIVE;
				GCC_WARN_UNUSED_FUNCTION = YES;
				GCC_WARN_UNUSED_VARIABLE = YES;
				IPHONEOS_DEPLOYMENT_TARGET = 16.4;
				MTL_ENABLE_DEBUG_INFO = INCLUDE_SOURCE;
				MTL_FAST_MATH = YES;
				ONLY_ACTIVE_ARCH = YES;
				SDKROOT = iphoneos;
				SWIFT_ACTIVE_COMPILATION_CONDITIONS = DEBUG;
				SWIFT_OPTIMIZATION_LEVEL = "-Onone";
			};
			name = Debug;
		};
		A5CF38942B0FCECA0063DA95 /* Release */ = {
			isa = XCBuildConfiguration;
			buildSettings = {
				ALWAYS_SEARCH_USER_PATHS = NO;
				CLANG_ANALYZER_NONNULL = YES;
				CLANG_ANALYZER_NUMBER_OBJECT_CONVERSION = YES_AGGRESSIVE;
				CLANG_CXX_LANGUAGE_STANDARD = "gnu++20";
				CLANG_ENABLE_MODULES = YES;
				CLANG_ENABLE_OBJC_ARC = YES;
				CLANG_ENABLE_OBJC_WEAK = YES;
				CLANG_WARN_BLOCK_CAPTURE_AUTORELEASING = YES;
				CLANG_WARN_BOOL_CONVERSION = YES;
				CLANG_WARN_COMMA = YES;
				CLANG_WARN_CONSTANT_CONVERSION = YES;
				CLANG_WARN_DEPRECATED_OBJC_IMPLEMENTATIONS = YES;
				CLANG_WARN_DIRECT_OBJC_ISA_USAGE = YES_ERROR;
				CLANG_WARN_DOCUMENTATION_COMMENTS = YES;
				CLANG_WARN_EMPTY_BODY = YES;
				CLANG_WARN_ENUM_CONVERSION = YES;
				CLANG_WARN_INFINITE_RECURSION = YES;
				CLANG_WARN_INT_CONVERSION = YES;
				CLANG_WARN_NON_LITERAL_NULL_CONVERSION = YES;
				CLANG_WARN_OBJC_IMPLICIT_RETAIN_SELF = YES;
				CLANG_WARN_OBJC_LITERAL_CONVERSION = YES;
				CLANG_WARN_OBJC_ROOT_CLASS = YES_ERROR;
				CLANG_WARN_QUOTED_INCLUDE_IN_FRAMEWORK_HEADER = YES;
				CLANG_WARN_RANGE_LOOP_ANALYSIS = YES;
				CLANG_WARN_STRICT_PROTOTYPES = YES;
				CLANG_WARN_SUSPICIOUS_MOVE = YES;
				CLANG_WARN_UNGUARDED_AVAILABILITY = YES_AGGRESSIVE;
				CLANG_WARN_UNREACHABLE_CODE = YES;
				CLANG_WARN__DUPLICATE_METHOD_MATCH = YES;
				COPY_PHASE_STRIP = NO;
				DEBUG_INFORMATION_FORMAT = "dwarf-with-dsym";
				ENABLE_NS_ASSERTIONS = NO;
				ENABLE_STRICT_OBJC_MSGSEND = YES;
				GCC_C_LANGUAGE_STANDARD = gnu11;
				GCC_NO_COMMON_BLOCKS = YES;
				GCC_WARN_64_TO_32_BIT_CONVERSION = YES;
				GCC_WARN_ABOUT_RETURN_TYPE = YES_ERROR;
				GCC_WARN_UNDECLARED_SELECTOR = YES;
				GCC_WARN_UNINITIALIZED_AUTOS = YES_AGGRESSIVE;
				GCC_WARN_UNUSED_FUNCTION = YES;
				GCC_WARN_UNUSED_VARIABLE = YES;
				IPHONEOS_DEPLOYMENT_TARGET = 16.4;
				MTL_ENABLE_DEBUG_INFO = NO;
				MTL_FAST_MATH = YES;
				SDKROOT = iphoneos;
				SWIFT_COMPILATION_MODE = wholemodule;
				SWIFT_OPTIMIZATION_LEVEL = "-O";
				VALIDATE_PRODUCT = YES;
			};
			name = Release;
		};
		A5CF38962B0FCECA0063DA95 /* Debug */ = {
			isa = XCBuildConfiguration;
			buildSettings = {
				ASSETCATALOG_COMPILER_APPICON_NAME = AppIcon;
				ASSETCATALOG_COMPILER_GLOBAL_ACCENT_COLOR_NAME = AccentColor;
				CODE_SIGN_IDENTITY = "Apple Development";
				CODE_SIGN_STYLE = Automatic;
				CURRENT_PROJECT_VERSION = 1;
				DEVELOPMENT_ASSET_PATHS = "\"PipedriveClient/Preview Content\"";
				DEVELOPMENT_TEAM = FSAT3VNUKD;
				ENABLE_PREVIEWS = YES;
				GENERATE_INFOPLIST_FILE = YES;
				INFOPLIST_KEY_LSApplicationCategoryType = "public.app-category.business";
				INFOPLIST_KEY_UIApplicationSceneManifest_Generation = YES;
				INFOPLIST_KEY_UIApplicationSupportsIndirectInputEvents = YES;
				INFOPLIST_KEY_UILaunchScreen_Generation = YES;
				INFOPLIST_KEY_UISupportedInterfaceOrientations_iPad = "UIInterfaceOrientationPortrait UIInterfaceOrientationPortraitUpsideDown UIInterfaceOrientationLandscapeLeft UIInterfaceOrientationLandscapeRight";
				INFOPLIST_KEY_UISupportedInterfaceOrientations_iPhone = "UIInterfaceOrientationPortrait UIInterfaceOrientationLandscapeLeft UIInterfaceOrientationLandscapeRight";
				IPHONEOS_DEPLOYMENT_TARGET = 16.2;
				LD_RUNPATH_SEARCH_PATHS = (
					"$(inherited)",
					"@executable_path/Frameworks",
				);
				MARKETING_VERSION = 1.0;
				PRODUCT_BUNDLE_IDENTIFIER = com.arval.PipedriveClient;
				PRODUCT_NAME = "$(TARGET_NAME)";
				PROVISIONING_PROFILE_SPECIFIER = "";
				SWIFT_EMIT_LOC_STRINGS = YES;
				SWIFT_VERSION = 5.0;
				TARGETED_DEVICE_FAMILY = "1,2";
			};
			name = Debug;
		};
		A5CF38972B0FCECA0063DA95 /* Release */ = {
			isa = XCBuildConfiguration;
			buildSettings = {
				ASSETCATALOG_COMPILER_APPICON_NAME = AppIcon;
				ASSETCATALOG_COMPILER_GLOBAL_ACCENT_COLOR_NAME = AccentColor;
				CODE_SIGN_IDENTITY = "Apple Development";
				CODE_SIGN_STYLE = Automatic;
				CURRENT_PROJECT_VERSION = 1;
				DEVELOPMENT_ASSET_PATHS = "\"PipedriveClient/Preview Content\"";
				DEVELOPMENT_TEAM = FSAT3VNUKD;
				ENABLE_PREVIEWS = YES;
				GENERATE_INFOPLIST_FILE = YES;
				INFOPLIST_KEY_LSApplicationCategoryType = "public.app-category.business";
				INFOPLIST_KEY_UIApplicationSceneManifest_Generation = YES;
				INFOPLIST_KEY_UIApplicationSupportsIndirectInputEvents = YES;
				INFOPLIST_KEY_UILaunchScreen_Generation = YES;
				INFOPLIST_KEY_UISupportedInterfaceOrientations_iPad = "UIInterfaceOrientationPortrait UIInterfaceOrientationPortraitUpsideDown UIInterfaceOrientationLandscapeLeft UIInterfaceOrientationLandscapeRight";
				INFOPLIST_KEY_UISupportedInterfaceOrientations_iPhone = "UIInterfaceOrientationPortrait UIInterfaceOrientationLandscapeLeft UIInterfaceOrientationLandscapeRight";
				IPHONEOS_DEPLOYMENT_TARGET = 16.2;
				LD_RUNPATH_SEARCH_PATHS = (
					"$(inherited)",
					"@executable_path/Frameworks",
				);
				MARKETING_VERSION = 1.0;
				PRODUCT_BUNDLE_IDENTIFIER = com.arval.PipedriveClient;
				PRODUCT_NAME = "$(TARGET_NAME)";
				PROVISIONING_PROFILE_SPECIFIER = "";
				SWIFT_EMIT_LOC_STRINGS = YES;
				SWIFT_VERSION = 5.0;
				TARGETED_DEVICE_FAMILY = "1,2";
			};
			name = Release;
		};
		A5CF38992B0FCECA0063DA95 /* Debug */ = {
			isa = XCBuildConfiguration;
			buildSettings = {
				ALWAYS_EMBED_SWIFT_STANDARD_LIBRARIES = YES;
				BUNDLE_LOADER = "$(TEST_HOST)";
				CODE_SIGN_STYLE = Automatic;
				CURRENT_PROJECT_VERSION = 1;
				DEVELOPMENT_TEAM = FSAT3VNUKD;
				GENERATE_INFOPLIST_FILE = YES;
				IPHONEOS_DEPLOYMENT_TARGET = 16.4;
				MARKETING_VERSION = 1.0;
				PRODUCT_BUNDLE_IDENTIFIER = com.arval.PipedriveClientTests;
				PRODUCT_NAME = "$(TARGET_NAME)";
				SWIFT_EMIT_LOC_STRINGS = NO;
				SWIFT_VERSION = 5.0;
				TARGETED_DEVICE_FAMILY = "1,2";
				TEST_HOST = "$(BUILT_PRODUCTS_DIR)/PipedriveClientApp.app/$(BUNDLE_EXECUTABLE_FOLDER_PATH)/PipedriveClientApp";
			};
			name = Debug;
		};
		A5CF389A2B0FCECA0063DA95 /* Release */ = {
			isa = XCBuildConfiguration;
			buildSettings = {
				ALWAYS_EMBED_SWIFT_STANDARD_LIBRARIES = YES;
				BUNDLE_LOADER = "$(TEST_HOST)";
				CODE_SIGN_STYLE = Automatic;
				CURRENT_PROJECT_VERSION = 1;
				DEVELOPMENT_TEAM = FSAT3VNUKD;
				GENERATE_INFOPLIST_FILE = YES;
				IPHONEOS_DEPLOYMENT_TARGET = 16.4;
				MARKETING_VERSION = 1.0;
				PRODUCT_BUNDLE_IDENTIFIER = com.arval.PipedriveClientTests;
				PRODUCT_NAME = "$(TARGET_NAME)";
				SWIFT_EMIT_LOC_STRINGS = NO;
				SWIFT_VERSION = 5.0;
				TARGETED_DEVICE_FAMILY = "1,2";
				TEST_HOST = "$(BUILT_PRODUCTS_DIR)/PipedriveClientApp.app/$(BUNDLE_EXECUTABLE_FOLDER_PATH)/PipedriveClientApp";
			};
			name = Release;
		};
		A5CF389C2B0FCECA0063DA95 /* Debug */ = {
			isa = XCBuildConfiguration;
			buildSettings = {
				ALWAYS_EMBED_SWIFT_STANDARD_LIBRARIES = YES;
				CODE_SIGN_STYLE = Automatic;
				CURRENT_PROJECT_VERSION = 1;
				DEVELOPMENT_TEAM = FSAT3VNUKD;
				GENERATE_INFOPLIST_FILE = YES;
				MARKETING_VERSION = 1.0;
				PRODUCT_BUNDLE_IDENTIFIER = com.arval.PipedriveClientUITests;
				PRODUCT_NAME = "$(TARGET_NAME)";
				SWIFT_EMIT_LOC_STRINGS = NO;
				SWIFT_VERSION = 5.0;
				TARGETED_DEVICE_FAMILY = "1,2";
				TEST_TARGET_NAME = PipedriveClient;
			};
			name = Debug;
		};
		A5CF389D2B0FCECA0063DA95 /* Release */ = {
			isa = XCBuildConfiguration;
			buildSettings = {
				ALWAYS_EMBED_SWIFT_STANDARD_LIBRARIES = YES;
				CODE_SIGN_STYLE = Automatic;
				CURRENT_PROJECT_VERSION = 1;
				DEVELOPMENT_TEAM = FSAT3VNUKD;
				GENERATE_INFOPLIST_FILE = YES;
				MARKETING_VERSION = 1.0;
				PRODUCT_BUNDLE_IDENTIFIER = com.arval.PipedriveClientUITests;
				PRODUCT_NAME = "$(TARGET_NAME)";
				SWIFT_EMIT_LOC_STRINGS = NO;
				SWIFT_VERSION = 5.0;
				TARGETED_DEVICE_FAMILY = "1,2";
				TEST_TARGET_NAME = PipedriveClient;
			};
			name = Release;
		};
/* End XCBuildConfiguration section */

/* Begin XCConfigurationList section */
		A5CF386C2B0FCEC80063DA95 /* Build configuration list for PBXProject "PipedriveClientApp" */ = {
			isa = XCConfigurationList;
			buildConfigurations = (
				A5CF38932B0FCECA0063DA95 /* Debug */,
				A5CF38942B0FCECA0063DA95 /* Release */,
			);
			defaultConfigurationIsVisible = 0;
			defaultConfigurationName = Release;
		};
		A5CF38952B0FCECA0063DA95 /* Build configuration list for PBXNativeTarget "PipedriveClientApp" */ = {
			isa = XCConfigurationList;
			buildConfigurations = (
				A5CF38962B0FCECA0063DA95 /* Debug */,
				A5CF38972B0FCECA0063DA95 /* Release */,
			);
			defaultConfigurationIsVisible = 0;
			defaultConfigurationName = Release;
		};
		A5CF38982B0FCECA0063DA95 /* Build configuration list for PBXNativeTarget "PipedriveClientAppTests" */ = {
			isa = XCConfigurationList;
			buildConfigurations = (
				A5CF38992B0FCECA0063DA95 /* Debug */,
				A5CF389A2B0FCECA0063DA95 /* Release */,
			);
			defaultConfigurationIsVisible = 0;
			defaultConfigurationName = Release;
		};
		A5CF389B2B0FCECA0063DA95 /* Build configuration list for PBXNativeTarget "PipedriveClientAppUITests" */ = {
			isa = XCConfigurationList;
			buildConfigurations = (
				A5CF389C2B0FCECA0063DA95 /* Debug */,
				A5CF389D2B0FCECA0063DA95 /* Release */,
			);
			defaultConfigurationIsVisible = 0;
			defaultConfigurationName = Release;
		};
/* End XCConfigurationList section */

/* Begin XCRemoteSwiftPackageReference section */
		A575ECFA2B13A261005FE430 /* XCRemoteSwiftPackageReference "SwiftyJSON" */ = {
			isa = XCRemoteSwiftPackageReference;
			repositoryURL = "https://github.com/SwiftyJSON/SwiftyJSON.git";
			requirement = {
				kind = upToNextMajorVersion;
				minimumVersion = 5.0.0;
			};
		};
/* End XCRemoteSwiftPackageReference section */

/* Begin XCSwiftPackageProductDependency section */
		A575ECFB2B13A261005FE430 /* SwiftyJSON */ = {
			isa = XCSwiftPackageProductDependency;
			package = A575ECFA2B13A261005FE430 /* XCRemoteSwiftPackageReference "SwiftyJSON" */;
			productName = SwiftyJSON;
		};
/* End XCSwiftPackageProductDependency section */

/* Begin XCVersionGroup section */
		A575ED142B140899005FE430 /* db_model_v1.xcdatamodeld */ = {
			isa = XCVersionGroup;
			children = (
				A575ED152B140899005FE430 /* db_model_v1.xcdatamodel */,
			);
			currentVersion = A575ED152B140899005FE430 /* db_model_v1.xcdatamodel */;
			path = db_model_v1.xcdatamodeld;
			sourceTree = "<group>";
			versionGroupType = wrapper.xcdatamodel;
		};
/* End XCVersionGroup section */
	};
	rootObject = A5CF38692B0FCEC80063DA95 /* Project object */;
}
